{
  "nodes": {
    "nixpkgs": {
      "locked": {
        "lastModified": 1678111249,
        "narHash": "sha256-ZTIbK7vthZwti5XeLZE+twkb4l44q01q2XoLMmmJe94=",
        "owner": "nixos",
        "repo": "nixpkgs",
        "rev": "a028e2873d7fcf44e66b784b4ba061824315537f",
        "type": "github"
      },
      "original": {
        "owner": "nixos",
        "repo": "nixpkgs",
        "type": "github"
      }
    },
    "root": {
      "inputs": {
        "nixpkgs": "nixpkgs"
      }
    }
  },
  "root": "root",
  "version": 7
}
