{
  "nodes": {
    "nixpkgs": {
      "locked": {
        "lastModified": 1724048421,
        "narHash": "sha256-VKEWdlZTWEKAKA1wtwGfs+6wPM1W/sK5R5mHaWdCFEU=",
        "owner": "nixos",
        "repo": "nixpkgs",
        "rev": "aac35007254b1e84d387a78e31f2fefd6dd59e52",
        "type": "github"
      },
      "original": {
        "owner": "nixos",
        "repo": "nixpkgs",
        "type": "github"
      }
    },
    "root": {
      "inputs": {
        "nixpkgs": "nixpkgs"
      }
    }
  },
  "root": "root",
  "version": 7
}
