{
  "nodes": {
    "nixpkgs": {
      "locked": {
        "lastModified": 1678793050,
        "narHash": "sha256-S4e2NpDhCtCwc/OkZ+PY96i9IdAZQu1wrJaDT8iGAUU=",
        "owner": "nixos",
        "repo": "nixpkgs",
        "rev": "514826ddf2b14eb20c4fac2a19f5f8e4b5858577",
        "type": "github"
      },
      "original": {
        "owner": "nixos",
        "repo": "nixpkgs",
        "type": "github"
      }
    },
    "root": {
      "inputs": {
        "nixpkgs": "nixpkgs"
      }
    }
  },
  "root": "root",
  "version": 7
}
